
Microsoft Visual Studio Solution File, Format Version 12.00
# Visual Studio Version 17
VisualStudioVersion = 17.2.32505.173
MinimumVisualStudioVersion = 10.0.40219.1
Project("{FAE04EC0-301F-11D3-BF4B-00C04F79EFBC}") = "HOSPICE PROJEKT", "HOSPICE PROJEKT\HOSPICE PROJEKT.csproj", "{A28D1284-F7EE-48B1-9F5B-1E976CA708DC}"
EndProject
Global
	GlobalSection(SolutionConfigurationPlatforms) = preSolution
		Debug|Any CPU = Debug|Any CPU
		Release|Any CPU = Release|Any CPU
	EndGlobalSection
	GlobalSection(ProjectConfigurationPlatforms) = postSolution
		{A28D1284-F7EE-48B1-9F5B-1E976CA708DC}.Debug|Any CPU.ActiveCfg = Debug|Any CPU
		{A28D1284-F7EE-48B1-9F5B-1E976CA708DC}.Debug|Any CPU.Build.0 = Debug|Any CPU
		{A28D1284-F7EE-48B1-9F5B-1E976CA708DC}.Release|Any CPU.ActiveCfg = Release|Any CPU
		{A28D1284-F7EE-48B1-9F5B-1E976CA708DC}.Release|Any CPU.Build.0 = Release|Any CPU
	EndGlobalSection
	GlobalSection(SolutionProperties) = preSolution
		HideSolutionNode = FALSE
	EndGlobalSection
	GlobalSection(ExtensibilityGlobals) = postSolution
		SolutionGuid = {9CFDC7B9-45E2-4460-9F60-EC6BF32F8ADE}
	EndGlobalSection
EndGlobal
